{
  "name": "genome-browser-service",
  "version": "1.0.0",
  "lockfileVersion": 1,
  "requires": true,
  "dependencies": {
    "ensembl-genome-browser": {
      "version": "https://raw.githubusercontent.com/Ensembl/ensembl-genome-browser-assets/master/assets-80f51620ed443c640cdfd6b5aebd505b.tar.gz",
      "integrity": "sha512-fuO1rOCEGNZHZcv4Ft36PKnzxtYZ8V4C2sMZyq52uhSv4wQtgFOR/sDgFCzn+fLL78de3CSvTMpTttC3TRw5ew=="
    }
  }
}
